
Microsoft Visual Studio Solution File, Format Version 12.00
# Visual Studio Version 16
VisualStudioVersion = 16.0.30011.22
MinimumVisualStudioVersion = 10.0.40219.1
Project("{FAE04EC0-301F-11D3-BF4B-00C04F79EFBC}") = "ConsoleApplicationRobotCleaner", "ConsoleApplicationRobotCleaner\ConsoleApplicationRobotCleaner.csproj", "{AA8E9FC7-C86E-4465-A206-F951F30021AD}"
EndProject
Project("{FAE04EC0-301F-11D3-BF4B-00C04F79EFBC}") = "ClassLibraryRobotCleaner", "ClassLibraryRobotCleaner\ClassLibraryRobotCleaner.csproj", "{7F040437-9AC4-4713-BBCC-BFF2A9121F08}"
EndProject
Project("{FAE04EC0-301F-11D3-BF4B-00C04F79EFBC}") = "NUnit.TestsRobotCleaner", "NUnit.TestsRobotCleaner\NUnit.TestsRobotCleaner.csproj", "{8EDF4429-251A-416D-BB68-93F227191BCF}"
EndProject
Global
	GlobalSection(SolutionConfigurationPlatforms) = preSolution
		Debug|Any CPU = Debug|Any CPU
		Release|Any CPU = Release|Any CPU
	EndGlobalSection
	GlobalSection(ProjectConfigurationPlatforms) = postSolution
		{AA8E9FC7-C86E-4465-A206-F951F30021AD}.Debug|Any CPU.ActiveCfg = Debug|Any CPU
		{AA8E9FC7-C86E-4465-A206-F951F30021AD}.Debug|Any CPU.Build.0 = Debug|Any CPU
		{AA8E9FC7-C86E-4465-A206-F951F30021AD}.Release|Any CPU.ActiveCfg = Release|Any CPU
		{AA8E9FC7-C86E-4465-A206-F951F30021AD}.Release|Any CPU.Build.0 = Release|Any CPU
		{7F040437-9AC4-4713-BBCC-BFF2A9121F08}.Debug|Any CPU.ActiveCfg = Debug|Any CPU
		{7F040437-9AC4-4713-BBCC-BFF2A9121F08}.Debug|Any CPU.Build.0 = Debug|Any CPU
		{7F040437-9AC4-4713-BBCC-BFF2A9121F08}.Release|Any CPU.ActiveCfg = Release|Any CPU
		{7F040437-9AC4-4713-BBCC-BFF2A9121F08}.Release|Any CPU.Build.0 = Release|Any CPU
		{8EDF4429-251A-416D-BB68-93F227191BCF}.Debug|Any CPU.ActiveCfg = Debug|Any CPU
		{8EDF4429-251A-416D-BB68-93F227191BCF}.Debug|Any CPU.Build.0 = Debug|Any CPU
		{8EDF4429-251A-416D-BB68-93F227191BCF}.Release|Any CPU.ActiveCfg = Release|Any CPU
		{8EDF4429-251A-416D-BB68-93F227191BCF}.Release|Any CPU.Build.0 = Release|Any CPU
	EndGlobalSection
	GlobalSection(SolutionProperties) = preSolution
		HideSolutionNode = FALSE
	EndGlobalSection
	GlobalSection(ExtensibilityGlobals) = postSolution
		SolutionGuid = {BE4DE8F2-0CF5-48A4-A7A2-B6E2DCAF1B16}
	EndGlobalSection
EndGlobal
